
Microsoft Visual Studio Solution File, Format Version 10.00
# Visual Studio 2008
Project("{FAE04EC0-301F-11D3-BF4B-00C04F79EFBC}") = "ChatBot", "ChatBot\ChatBot.csproj", "{BCFF80FF-8F63-4FDC-809A-C6056D205018}"
EndProject
Global
	GlobalSection(SolutionConfigurationPlatforms) = preSolution
		Debug|Any CPU = Debug|Any CPU
		Release|Any CPU = Release|Any CPU
	EndGlobalSection
	GlobalSection(ProjectConfigurationPlatforms) = postSolution
		{BCFF80FF-8F63-4FDC-809A-C6056D205018}.Debug|Any CPU.ActiveCfg = Debug|Any CPU
		{BCFF80FF-8F63-4FDC-809A-C6056D205018}.Debug|Any CPU.Build.0 = Debug|Any CPU
		{BCFF80FF-8F63-4FDC-809A-C6056D205018}.Release|Any CPU.ActiveCfg = Release|Any CPU
		{BCFF80FF-8F63-4FDC-809A-C6056D205018}.Release|Any CPU.Build.0 = Release|Any CPU
	EndGlobalSection
	GlobalSection(SolutionProperties) = preSolution
		HideSolutionNode = FALSE
	EndGlobalSection
EndGlobal
